
Microsoft Visual Studio Solution File, Format Version 12.00
# Visual Studio Version 17
VisualStudioVersion = 17.3.32825.248
MinimumVisualStudioVersion = 10.0.40219.1
Project("{FAE04EC0-301F-11D3-BF4B-00C04F79EFBC}") = "gymbro_app.Android", "gymbro_app\gymbro_app.Android\gymbro_app.Android.csproj", "{7F246124-5D29-4E13-8150-5103191E0599}"
EndProject
Project("{FAE04EC0-301F-11D3-BF4B-00C04F79EFBC}") = "gymbro_app", "gymbro_app\gymbro_app\gymbro_app.csproj", "{D02F4152-F97D-4287-95C7-52AA647233DA}"
EndProject
Global
	GlobalSection(SolutionConfigurationPlatforms) = preSolution
		Debug|Any CPU = Debug|Any CPU
		Release|Any CPU = Release|Any CPU
	EndGlobalSection
	GlobalSection(ProjectConfigurationPlatforms) = postSolution
		{7F246124-5D29-4E13-8150-5103191E0599}.Debug|Any CPU.ActiveCfg = Debug|Any CPU
		{7F246124-5D29-4E13-8150-5103191E0599}.Debug|Any CPU.Build.0 = Debug|Any CPU
		{7F246124-5D29-4E13-8150-5103191E0599}.Debug|Any CPU.Deploy.0 = Debug|Any CPU
		{7F246124-5D29-4E13-8150-5103191E0599}.Release|Any CPU.ActiveCfg = Release|Any CPU
		{7F246124-5D29-4E13-8150-5103191E0599}.Release|Any CPU.Build.0 = Release|Any CPU
		{7F246124-5D29-4E13-8150-5103191E0599}.Release|Any CPU.Deploy.0 = Release|Any CPU
		{D02F4152-F97D-4287-95C7-52AA647233DA}.Debug|Any CPU.ActiveCfg = Debug|Any CPU
		{D02F4152-F97D-4287-95C7-52AA647233DA}.Debug|Any CPU.Build.0 = Debug|Any CPU
		{D02F4152-F97D-4287-95C7-52AA647233DA}.Debug|Any CPU.Deploy.0 = Debug|Any CPU
		{D02F4152-F97D-4287-95C7-52AA647233DA}.Release|Any CPU.ActiveCfg = Release|Any CPU
		{D02F4152-F97D-4287-95C7-52AA647233DA}.Release|Any CPU.Build.0 = Release|Any CPU
		{D02F4152-F97D-4287-95C7-52AA647233DA}.Release|Any CPU.Deploy.0 = Release|Any CPU
	EndGlobalSection
	GlobalSection(SolutionProperties) = preSolution
		HideSolutionNode = FALSE
	EndGlobalSection
	GlobalSection(ExtensibilityGlobals) = postSolution
		SolutionGuid = {216F9BBB-29C4-4AA4-9899-E757F98C5496}
	EndGlobalSection
EndGlobal
